
Microsoft Visual Studio Solution File, Format Version 12.00
# Visual Studio 14
VisualStudioVersion = 14.0.24720.0
MinimumVisualStudioVersion = 10.0.40219.1
Project("{FAE04EC0-301F-11D3-BF4B-00C04F79EFBC}") = "Tutorial7", "Tutorial7\Tutorial7.csproj", "{71BBA901-8ED2-4009-A253-D80DDDDB3513}"
EndProject
Project("{FAE04EC0-301F-11D3-BF4B-00C04F79EFBC}") = "CucumberTests", "CucumberTests\CucumberTests.csproj", "{3DDB2E4A-F434-4C65-82F5-52278C9CC4A5}"
EndProject
Global
	GlobalSection(SolutionConfigurationPlatforms) = preSolution
		Debug|Any CPU = Debug|Any CPU
		Release|Any CPU = Release|Any CPU
	EndGlobalSection
	GlobalSection(ProjectConfigurationPlatforms) = postSolution
		{71BBA901-8ED2-4009-A253-D80DDDDB3513}.Debug|Any CPU.ActiveCfg = Debug|Any CPU
		{71BBA901-8ED2-4009-A253-D80DDDDB3513}.Debug|Any CPU.Build.0 = Debug|Any CPU
		{71BBA901-8ED2-4009-A253-D80DDDDB3513}.Release|Any CPU.ActiveCfg = Release|Any CPU
		{71BBA901-8ED2-4009-A253-D80DDDDB3513}.Release|Any CPU.Build.0 = Release|Any CPU
		{3DDB2E4A-F434-4C65-82F5-52278C9CC4A5}.Debug|Any CPU.ActiveCfg = Debug|Any CPU
		{3DDB2E4A-F434-4C65-82F5-52278C9CC4A5}.Debug|Any CPU.Build.0 = Debug|Any CPU
		{3DDB2E4A-F434-4C65-82F5-52278C9CC4A5}.Release|Any CPU.ActiveCfg = Release|Any CPU
		{3DDB2E4A-F434-4C65-82F5-52278C9CC4A5}.Release|Any CPU.Build.0 = Release|Any CPU
	EndGlobalSection
	GlobalSection(SolutionProperties) = preSolution
		HideSolutionNode = FALSE
	EndGlobalSection
EndGlobal
